{
  "name": "rosen-zcash-zallet-companion",
  "version": "0.1.0",
  "lockfileVersion": 3,
  "requires": true,
  "packages": {
    "": {
      "name": "rosen-zcash-zallet-companion",
      "version": "0.1.0",
      "dependencies": {
        "@rosen-bridge/address-codec-ergo": "0.1.0"
      },
      "engines": {
        "node": "22.18.0"
      }
    },
    "node_modules/@rosen-bridge/address-codec-ergo": {
      "version": "0.1.0",
      "resolved": "https://registry.npmjs.org/@rosen-bridge/address-codec-ergo/-/address-codec-ergo-0.1.0.tgz",
      "integrity": "sha512-GvDkg0DsFqFvMAtXz5egUPJSnqlcVIqt6x3r7wwYYWxO3V/6d0EvSqCoRFimhpAGL9xIb2DrkBEub3Fl8ljuLg==",
      "license": "MIT",
      "dependencies": {
        "ergo-lib-wasm-nodejs": "^0.24.1"
      },
      "engines": {
        "node": ">=22.18.0",
        "npm": "11.6.2"
      }
    },
    "node_modules/ergo-lib-wasm-nodejs": {
      "version": "0.24.1",
      "resolved": "https://registry.npmjs.org/ergo-lib-wasm-nodejs/-/ergo-lib-wasm-nodejs-0.24.1.tgz",
      "integrity": "sha512-S80/psMHAmsKndrrL7IAYT5TJD1YnHlTpqWr/oAaO0yGafjRxIB5MxX4GDxZhDem+hu44O8Nl/e0ieG/SytUtg==",
      "license": "CC0-1.0"
    }
  }
}
